
Microsoft Visual Studio Solution File, Format Version 12.00
# Visual Studio Version 17
VisualStudioVersion = 17.13.35828.75 d17.13
MinimumVisualStudioVersion = 10.0.40219.1
Project("{FAE04EC0-301F-11D3-BF4B-00C04F79EFBC}") = "CSProjeDemo2", "CSProjeDemo2\CSProjeDemo2.csproj", "{D5D5A71B-3C93-44B8-ACF2-BF62C0D32FA6}"
EndProject
Global
	GlobalSection(SolutionConfigurationPlatforms) = preSolution
		Debug|Any CPU = Debug|Any CPU
		Release|Any CPU = Release|Any CPU
	EndGlobalSection
	GlobalSection(ProjectConfigurationPlatforms) = postSolution
		{D5D5A71B-3C93-44B8-ACF2-BF62C0D32FA6}.Debug|Any CPU.ActiveCfg = Debug|Any CPU
		{D5D5A71B-3C93-44B8-ACF2-BF62C0D32FA6}.Debug|Any CPU.Build.0 = Debug|Any CPU
		{D5D5A71B-3C93-44B8-ACF2-BF62C0D32FA6}.Release|Any CPU.ActiveCfg = Release|Any CPU
		{D5D5A71B-3C93-44B8-ACF2-BF62C0D32FA6}.Release|Any CPU.Build.0 = Release|Any CPU
	EndGlobalSection
	GlobalSection(SolutionProperties) = preSolution
		HideSolutionNode = FALSE
	EndGlobalSection
	GlobalSection(ExtensibilityGlobals) = postSolution
		SolutionGuid = {F666BC7F-5914-477A-9AE9-6006E1B5B6A6}
	EndGlobalSection
EndGlobal
